# This file is autogenerated, do not edit; changes may be undone by the next 'dep ensure'.


[[projects]]
  digest = "1:6c39894c54920413886a31c6e65a6539da147330cca4b8adf72ca92344dba152"
  name = "github.com/yanzay/tbot"
  packages = ["."]
  pruneopts = "UT"
  revision = "9fc294a9f0be8f0a13032197558cc02e568aa73e"
  version = "v2.2.0"

[solve-meta]
  analyzer-name = "dep"
  analyzer-version = 1
  input-imports = ["github.com/yanzay/tbot"]
  solver-name = "gps-cdcl"
  solver-version = 1
